
Microsoft Visual Studio Solution File, Format Version 12.00
# Visual Studio 15
VisualStudioVersion = 15.0.28307.960
MinimumVisualStudioVersion = 10.0.40219.1
Project("{2150E333-8FDC-42A3-9474-1A3956D46DE8}") = "CMakePredefinedTargets", "CMakePredefinedTargets", "{B2197B96-15A5-3AC4-9198-496D37F33AD2}"
EndProject
Project("{2150E333-8FDC-42A3-9474-1A3956D46DE8}") = "GLFW3", "GLFW3", "{64A60813-7F45-323D-BA9D-A0CB1709A399}"
EndProject
Project("{8BC9CEB8-8B4A-11D0-8D11-00A0C91BC942}") = "ALL_BUILD", "ALL_BUILD.vcxproj", "{7431513E-DF16-3045-B6BA-4E7269E70F36}"
	ProjectSection(ProjectDependencies) = postProject
		{3AAC7758-9E00-39C0-A204-735CF2D42B70} = {3AAC7758-9E00-39C0-A204-735CF2D42B70}
		{FE6F33E9-1D05-38C2-9EA5-2F322F4BB4D6} = {FE6F33E9-1D05-38C2-9EA5-2F322F4BB4D6}
		{EFE0FAFF-17A5-3277-8A47-A49C145991EF} = {EFE0FAFF-17A5-3277-8A47-A49C145991EF}
		{87A284BA-A78B-3065-AAEE-D0D3103F07DB} = {87A284BA-A78B-3065-AAEE-D0D3103F07DB}
		{24710C74-97AB-32FB-80F2-9C58736CA15E} = {24710C74-97AB-32FB-80F2-9C58736CA15E}
		{405A1023-AD0F-309A-B77E-19978F7394D3} = {405A1023-AD0F-309A-B77E-19978F7394D3}
	EndProjectSection
EndProject
Project("{8BC9CEB8-8B4A-11D0-8D11-00A0C91BC942}") = "CMU462", "CMU462\src\CMU462.vcxproj", "{3AAC7758-9E00-39C0-A204-735CF2D42B70}"
	ProjectSection(ProjectDependencies) = postProject
		{FE6F33E9-1D05-38C2-9EA5-2F322F4BB4D6} = {FE6F33E9-1D05-38C2-9EA5-2F322F4BB4D6}
		{24710C74-97AB-32FB-80F2-9C58736CA15E} = {24710C74-97AB-32FB-80F2-9C58736CA15E}
	EndProjectSection
EndProject
Project("{8BC9CEB8-8B4A-11D0-8D11-00A0C91BC942}") = "INSTALL", "INSTALL.vcxproj", "{F5441255-0806-313B-BE9D-9DA8B290BCFA}"
	ProjectSection(ProjectDependencies) = postProject
		{7431513E-DF16-3045-B6BA-4E7269E70F36} = {7431513E-DF16-3045-B6BA-4E7269E70F36}
		{FE6F33E9-1D05-38C2-9EA5-2F322F4BB4D6} = {FE6F33E9-1D05-38C2-9EA5-2F322F4BB4D6}
	EndProjectSection
EndProject
Project("{8BC9CEB8-8B4A-11D0-8D11-00A0C91BC942}") = "ZERO_CHECK", "ZERO_CHECK.vcxproj", "{FE6F33E9-1D05-38C2-9EA5-2F322F4BB4D6}"
EndProject
Project("{8BC9CEB8-8B4A-11D0-8D11-00A0C91BC942}") = "drawsvg", "src\drawsvg.vcxproj", "{EFE0FAFF-17A5-3277-8A47-A49C145991EF}"
	ProjectSection(ProjectDependencies) = postProject
		{3AAC7758-9E00-39C0-A204-735CF2D42B70} = {3AAC7758-9E00-39C0-A204-735CF2D42B70}
		{FE6F33E9-1D05-38C2-9EA5-2F322F4BB4D6} = {FE6F33E9-1D05-38C2-9EA5-2F322F4BB4D6}
		{87A284BA-A78B-3065-AAEE-D0D3103F07DB} = {87A284BA-A78B-3065-AAEE-D0D3103F07DB}
		{24710C74-97AB-32FB-80F2-9C58736CA15E} = {24710C74-97AB-32FB-80F2-9C58736CA15E}
		{405A1023-AD0F-309A-B77E-19978F7394D3} = {405A1023-AD0F-309A-B77E-19978F7394D3}
	EndProjectSection
EndProject
Project("{8BC9CEB8-8B4A-11D0-8D11-00A0C91BC942}") = "drawsvg_hdwr", "src\drawsvg_hdwr.vcxproj", "{87A284BA-A78B-3065-AAEE-D0D3103F07DB}"
	ProjectSection(ProjectDependencies) = postProject
		{FE6F33E9-1D05-38C2-9EA5-2F322F4BB4D6} = {FE6F33E9-1D05-38C2-9EA5-2F322F4BB4D6}
	EndProjectSection
EndProject
Project("{8BC9CEB8-8B4A-11D0-8D11-00A0C91BC942}") = "glew", "CMU462\deps\glew\glew.vcxproj", "{24710C74-97AB-32FB-80F2-9C58736CA15E}"
	ProjectSection(ProjectDependencies) = postProject
		{FE6F33E9-1D05-38C2-9EA5-2F322F4BB4D6} = {FE6F33E9-1D05-38C2-9EA5-2F322F4BB4D6}
	EndProjectSection
EndProject
Project("{8BC9CEB8-8B4A-11D0-8D11-00A0C91BC942}") = "glfw", "CMU462\deps\glfw\src\glfw.vcxproj", "{405A1023-AD0F-309A-B77E-19978F7394D3}"
	ProjectSection(ProjectDependencies) = postProject
		{FE6F33E9-1D05-38C2-9EA5-2F322F4BB4D6} = {FE6F33E9-1D05-38C2-9EA5-2F322F4BB4D6}
	EndProjectSection
EndProject
Global
	GlobalSection(SolutionConfigurationPlatforms) = preSolution
		Debug|x64 = Debug|x64
		MinSizeRel|x64 = MinSizeRel|x64
		Release|x64 = Release|x64
		RelWithDebInfo|x64 = RelWithDebInfo|x64
	EndGlobalSection
	GlobalSection(ProjectConfigurationPlatforms) = postSolution
		{7431513E-DF16-3045-B6BA-4E7269E70F36}.Debug|x64.ActiveCfg = Debug|x64
		{7431513E-DF16-3045-B6BA-4E7269E70F36}.Debug|x64.Build.0 = Debug|x64
		{7431513E-DF16-3045-B6BA-4E7269E70F36}.MinSizeRel|x64.ActiveCfg = MinSizeRel|x64
		{7431513E-DF16-3045-B6BA-4E7269E70F36}.MinSizeRel|x64.Build.0 = MinSizeRel|x64
		{7431513E-DF16-3045-B6BA-4E7269E70F36}.Release|x64.ActiveCfg = Release|x64
		{7431513E-DF16-3045-B6BA-4E7269E70F36}.Release|x64.Build.0 = Release|x64
		{7431513E-DF16-3045-B6BA-4E7269E70F36}.RelWithDebInfo|x64.ActiveCfg = RelWithDebInfo|x64
		{7431513E-DF16-3045-B6BA-4E7269E70F36}.RelWithDebInfo|x64.Build.0 = RelWithDebInfo|x64
		{3AAC7758-9E00-39C0-A204-735CF2D42B70}.Debug|x64.ActiveCfg = Debug|x64
		{3AAC7758-9E00-39C0-A204-735CF2D42B70}.Debug|x64.Build.0 = Debug|x64
		{3AAC7758-9E00-39C0-A204-735CF2D42B70}.MinSizeRel|x64.ActiveCfg = MinSizeRel|x64
		{3AAC7758-9E00-39C0-A204-735CF2D42B70}.MinSizeRel|x64.Build.0 = MinSizeRel|x64
		{3AAC7758-9E00-39C0-A204-735CF2D42B70}.Release|x64.ActiveCfg = Release|x64
		{3AAC7758-9E00-39C0-A204-735CF2D42B70}.Release|x64.Build.0 = Release|x64
		{3AAC7758-9E00-39C0-A204-735CF2D42B70}.RelWithDebInfo|x64.ActiveCfg = RelWithDebInfo|x64
		{3AAC7758-9E00-39C0-A204-735CF2D42B70}.RelWithDebInfo|x64.Build.0 = RelWithDebInfo|x64
		{F5441255-0806-313B-BE9D-9DA8B290BCFA}.Debug|x64.ActiveCfg = Debug|x64
		{F5441255-0806-313B-BE9D-9DA8B290BCFA}.MinSizeRel|x64.ActiveCfg = MinSizeRel|x64
		{F5441255-0806-313B-BE9D-9DA8B290BCFA}.Release|x64.ActiveCfg = Release|x64
		{F5441255-0806-313B-BE9D-9DA8B290BCFA}.RelWithDebInfo|x64.ActiveCfg = RelWithDebInfo|x64
		{FE6F33E9-1D05-38C2-9EA5-2F322F4BB4D6}.Debug|x64.ActiveCfg = Debug|x64
		{FE6F33E9-1D05-38C2-9EA5-2F322F4BB4D6}.Debug|x64.Build.0 = Debug|x64
		{FE6F33E9-1D05-38C2-9EA5-2F322F4BB4D6}.MinSizeRel|x64.ActiveCfg = MinSizeRel|x64
		{FE6F33E9-1D05-38C2-9EA5-2F322F4BB4D6}.MinSizeRel|x64.Build.0 = MinSizeRel|x64
		{FE6F33E9-1D05-38C2-9EA5-2F322F4BB4D6}.Release|x64.ActiveCfg = Release|x64
		{FE6F33E9-1D05-38C2-9EA5-2F322F4BB4D6}.Release|x64.Build.0 = Release|x64
		{FE6F33E9-1D05-38C2-9EA5-2F322F4BB4D6}.RelWithDebInfo|x64.ActiveCfg = RelWithDebInfo|x64
		{FE6F33E9-1D05-38C2-9EA5-2F322F4BB4D6}.RelWithDebInfo|x64.Build.0 = RelWithDebInfo|x64
		{EFE0FAFF-17A5-3277-8A47-A49C145991EF}.Debug|x64.ActiveCfg = Debug|x64
		{EFE0FAFF-17A5-3277-8A47-A49C145991EF}.Debug|x64.Build.0 = Debug|x64
		{EFE0FAFF-17A5-3277-8A47-A49C145991EF}.MinSizeRel|x64.ActiveCfg = MinSizeRel|x64
		{EFE0FAFF-17A5-3277-8A47-A49C145991EF}.MinSizeRel|x64.Build.0 = MinSizeRel|x64
		{EFE0FAFF-17A5-3277-8A47-A49C145991EF}.Release|x64.ActiveCfg = Release|x64
		{EFE0FAFF-17A5-3277-8A47-A49C145991EF}.Release|x64.Build.0 = Release|x64
		{EFE0FAFF-17A5-3277-8A47-A49C145991EF}.RelWithDebInfo|x64.ActiveCfg = RelWithDebInfo|x64
		{EFE0FAFF-17A5-3277-8A47-A49C145991EF}.RelWithDebInfo|x64.Build.0 = RelWithDebInfo|x64
		{87A284BA-A78B-3065-AAEE-D0D3103F07DB}.Debug|x64.ActiveCfg = Debug|x64
		{87A284BA-A78B-3065-AAEE-D0D3103F07DB}.Debug|x64.Build.0 = Debug|x64
		{87A284BA-A78B-3065-AAEE-D0D3103F07DB}.MinSizeRel|x64.ActiveCfg = MinSizeRel|x64
		{87A284BA-A78B-3065-AAEE-D0D3103F07DB}.MinSizeRel|x64.Build.0 = MinSizeRel|x64
		{87A284BA-A78B-3065-AAEE-D0D3103F07DB}.Release|x64.ActiveCfg = Release|x64
		{87A284BA-A78B-3065-AAEE-D0D3103F07DB}.Release|x64.Build.0 = Release|x64
		{87A284BA-A78B-3065-AAEE-D0D3103F07DB}.RelWithDebInfo|x64.ActiveCfg = RelWithDebInfo|x64
		{87A284BA-A78B-3065-AAEE-D0D3103F07DB}.RelWithDebInfo|x64.Build.0 = RelWithDebInfo|x64
		{24710C74-97AB-32FB-80F2-9C58736CA15E}.Debug|x64.ActiveCfg = Debug|x64
		{24710C74-97AB-32FB-80F2-9C58736CA15E}.Debug|x64.Build.0 = Debug|x64
		{24710C74-97AB-32FB-80F2-9C58736CA15E}.MinSizeRel|x64.ActiveCfg = MinSizeRel|x64
		{24710C74-97AB-32FB-80F2-9C58736CA15E}.MinSizeRel|x64.Build.0 = MinSizeRel|x64
		{24710C74-97AB-32FB-80F2-9C58736CA15E}.Release|x64.ActiveCfg = Release|x64
		{24710C74-97AB-32FB-80F2-9C58736CA15E}.Release|x64.Build.0 = Release|x64
		{24710C74-97AB-32FB-80F2-9C58736CA15E}.RelWithDebInfo|x64.ActiveCfg = RelWithDebInfo|x64
		{24710C74-97AB-32FB-80F2-9C58736CA15E}.RelWithDebInfo|x64.Build.0 = RelWithDebInfo|x64
		{405A1023-AD0F-309A-B77E-19978F7394D3}.Debug|x64.ActiveCfg = Debug|x64
		{405A1023-AD0F-309A-B77E-19978F7394D3}.Debug|x64.Build.0 = Debug|x64
		{405A1023-AD0F-309A-B77E-19978F7394D3}.MinSizeRel|x64.ActiveCfg = MinSizeRel|x64
		{405A1023-AD0F-309A-B77E-19978F7394D3}.MinSizeRel|x64.Build.0 = MinSizeRel|x64
		{405A1023-AD0F-309A-B77E-19978F7394D3}.Release|x64.ActiveCfg = Release|x64
		{405A1023-AD0F-309A-B77E-19978F7394D3}.Release|x64.Build.0 = Release|x64
		{405A1023-AD0F-309A-B77E-19978F7394D3}.RelWithDebInfo|x64.ActiveCfg = RelWithDebInfo|x64
		{405A1023-AD0F-309A-B77E-19978F7394D3}.RelWithDebInfo|x64.Build.0 = RelWithDebInfo|x64
	EndGlobalSection
	GlobalSection(SolutionProperties) = preSolution
		HideSolutionNode = FALSE
	EndGlobalSection
	GlobalSection(NestedProjects) = preSolution
		{7431513E-DF16-3045-B6BA-4E7269E70F36} = {B2197B96-15A5-3AC4-9198-496D37F33AD2}
		{F5441255-0806-313B-BE9D-9DA8B290BCFA} = {B2197B96-15A5-3AC4-9198-496D37F33AD2}
		{FE6F33E9-1D05-38C2-9EA5-2F322F4BB4D6} = {B2197B96-15A5-3AC4-9198-496D37F33AD2}
		{405A1023-AD0F-309A-B77E-19978F7394D3} = {64A60813-7F45-323D-BA9D-A0CB1709A399}
	EndGlobalSection
	GlobalSection(ExtensibilityGlobals) = postSolution
		SolutionGuid = {ADD76874-29C1-3B0B-AA3A-F77A3085992B}
	EndGlobalSection
EndGlobal
